{
  "nodes": {
    "disko": {
      "inputs": {
        "nixpkgs": [
          "nixpkgs"
        ]
      },
      "locked": {
        "lastModified": 1768920986,
        "narHash": "sha256-CNzzBsRhq7gg4BMBuTDObiWDH/rFYHEuDRVOwCcwXw4=",
        "owner": "nix-community",
        "repo": "disko",
        "rev": "de5708739256238fb912c62f03988815db89ec9a",
        "type": "github"
      },
      "original": {
        "owner": "nix-community",
        "ref": "latest",
        "repo": "disko",
        "type": "github"
      }
    },
    "flake-parts": {
      "inputs": {
        "nixpkgs-lib": "nixpkgs-lib"
      },
      "locked": {
        "lastModified": 1787559586,
        "narHash": "sha256-onL0VLf9vPllmT0H/OlURIU5r5t5WIEl7t4tVNKT0Nw=",
        "owner": "hercules-ci",
        "repo": "flake-parts",
        "rev": "9d0d87172c374f89da73c1cfe6d81ae62feac1f1",
        "type": "github"
      },
      "original": {
        "owner": "hercules-ci",
        "repo": "flake-parts",
        "type": "github"
      }
    },
    "microvm": {
      "inputs": {
        "nixpkgs": [
          "nixpkgs"
        ],
        "spectrum": "spectrum"
      },
      "locked": {
        "lastModified": 1787834973,
        "narHash": "sha256-bY2y5jQ17MQxt1N/jc8luDB98Pyf+FRY2igGWeXnS28=",
        "owner": "microvm-nix",
        "repo": "microvm.nix",
        "rev": "ea57aebfb6016d9f091af7576a97dcf1aaa71fa1",
        "type": "github"
      },
      "original": {
        "owner": "microvm-nix",
        "repo": "microvm.nix",
        "type": "github"
      }
    },
    "nixpkgs": {
      "locked": {
        "lastModified": 1787753485,
        "narHash": "sha256-BZWCi9ZRJiARTuKTbbtvFTj7t1TK4G3UEckT3HyNfRg=",
        "owner": "NixOS",
        "repo": "nixpkgs",
        "rev": "062346a6d85bc4b49dfaa61c986e9c5be21217d1",
        "type": "github"
      },
      "original": {
        "owner": "NixOS",
        "ref": "nixos-26.05",
        "repo": "nixpkgs",
        "type": "github"
      }
    },
    "nixpkgs-lib": {
      "locked": {
        "lastModified": 1785031560,
        "narHash": "sha256-OmshNvn2vupOFpYinLUu+1Dnpu4n7Q5N3ggGVNHpkUI=",
        "owner": "nix-community",
        "repo": "nixpkgs.lib",
        "rev": "0e79af5e3d4dcfcd676ab5ba3f95d2e3352e078c",
        "type": "github"
      },
      "original": {
        "owner": "nix-community",
        "repo": "nixpkgs.lib",
        "type": "github"
      }
    },
    "nixpkgs-unstable": {
      "locked": {
        "lastModified": 1787498568,
        "narHash": "sha256-9i/VTdusq/+NM/tz+J1Re+ojkMB8MBf0QshnYfzHz30=",
        "owner": "NixOS",
        "repo": "nixpkgs",
        "rev": "56c02bc00adcf003215cc4bd996d6efaf4cff188",
        "type": "github"
      },
      "original": {
        "owner": "NixOS",
        "ref": "nixos-unstable",
        "repo": "nixpkgs",
        "type": "github"
      }
    },
    "nixpkgs_2": {
      "locked": {
        "lastModified": 1782175435,
        "narHash": "sha256-EMzXKmnOtBQ2MnvpiNOm7E+kOMvdPrIKaeg52Tip2Uk=",
        "owner": "NixOS",
        "repo": "nixpkgs",
        "rev": "89570f24e97e614aa34aa9ab1c927b6578a43775",
        "type": "github"
      },
      "original": {
        "owner": "NixOS",
        "ref": "nixpkgs-unstable",
        "repo": "nixpkgs",
        "type": "github"
      }
    },
    "root": {
      "inputs": {
        "disko": "disko",
        "flake-parts": "flake-parts",
        "microvm": "microvm",
        "nixpkgs": "nixpkgs",
        "nixpkgs-unstable": "nixpkgs-unstable",
        "sops-nix": "sops-nix"
      }
    },
    "sops-nix": {
      "inputs": {
        "nixpkgs": "nixpkgs_2"
      },
      "locked": {
        "lastModified": 1786629091,
        "narHash": "sha256-gkig4nPi1CWc4Z50GBsjE4ygSE7hMpl/TwID2an2Cck=",
        "owner": "Mic92",
        "repo": "sops-nix",
        "rev": "a8627b21b9107c5711c96b84f32a9a4b3d45295f",
        "type": "github"
      },
      "original": {
        "owner": "Mic92",
        "repo": "sops-nix",
        "type": "github"
      }
    },
    "spectrum": {
      "flake": false,
      "locked": {
        "lastModified": 1785761586,
        "narHash": "sha256-MWOMVqJJERwjQGgRIv8d6rlEBqbLM3VZWxHkNKIIZNw=",
        "ref": "refs/heads/main",
        "rev": "a7762d6f54b40560dd5255ce902e6e6a5d980fe9",
        "revCount": 1416,
        "type": "git",
        "url": "https://spectrum-os.org/git/spectrum"
      },
      "original": {
        "type": "git",
        "url": "https://spectrum-os.org/git/spectrum"
      }
    }
  },
  "root": "root",
  "version": 7
}
